
Microsoft Visual Studio Solution File, Format Version 12.00
# Visual Studio Version 17
VisualStudioVersion = 17.9.34902.65
MinimumVisualStudioVersion = 10.0.40219.1
Project("{FAE04EC0-301F-11D3-BF4B-00C04F79EFBC}") = "FreeBilling.Web", "FreeBilling.Web\FreeBilling.Web.csproj", "{D0CA66EB-5C2F-4688-8554-31BBBC724E36}"
EndProject
Global
	GlobalSection(SolutionConfigurationPlatforms) = preSolution
		Debug|Any CPU = Debug|Any CPU
		Release|Any CPU = Release|Any CPU
	EndGlobalSection
	GlobalSection(ProjectConfigurationPlatforms) = postSolution
		{D0CA66EB-5C2F-4688-8554-31BBBC724E36}.Debug|Any CPU.ActiveCfg = Debug|Any CPU
		{D0CA66EB-5C2F-4688-8554-31BBBC724E36}.Debug|Any CPU.Build.0 = Debug|Any CPU
		{D0CA66EB-5C2F-4688-8554-31BBBC724E36}.Release|Any CPU.ActiveCfg = Release|Any CPU
		{D0CA66EB-5C2F-4688-8554-31BBBC724E36}.Release|Any CPU.Build.0 = Release|Any CPU
	EndGlobalSection
	GlobalSection(SolutionProperties) = preSolution
		HideSolutionNode = FALSE
	EndGlobalSection
	GlobalSection(ExtensibilityGlobals) = postSolution
		SolutionGuid = {2AEEDD79-4048-4F36-A702-867B5E41868B}
	EndGlobalSection
EndGlobal
